
Microsoft Visual Studio Solution File, Format Version 12.00
# Visual Studio 15
VisualStudioVersion = 15.0.27703.2026
MinimumVisualStudioVersion = 10.0.40219.1
Project("{FAE04EC0-301F-11D3-BF4B-00C04F79EFBC}") = "PracxticaInterfazUsuario", "PracxticaInterfazUsuario\PracxticaInterfazUsuario.csproj", "{BFCE7281-509A-4770-AC31-762F11BEA624}"
EndProject
Global
	GlobalSection(SolutionConfigurationPlatforms) = preSolution
		Debug|Any CPU = Debug|Any CPU
		Release|Any CPU = Release|Any CPU
	EndGlobalSection
	GlobalSection(ProjectConfigurationPlatforms) = postSolution
		{BFCE7281-509A-4770-AC31-762F11BEA624}.Debug|Any CPU.ActiveCfg = Debug|Any CPU
		{BFCE7281-509A-4770-AC31-762F11BEA624}.Debug|Any CPU.Build.0 = Debug|Any CPU
		{BFCE7281-509A-4770-AC31-762F11BEA624}.Release|Any CPU.ActiveCfg = Release|Any CPU
		{BFCE7281-509A-4770-AC31-762F11BEA624}.Release|Any CPU.Build.0 = Release|Any CPU
	EndGlobalSection
	GlobalSection(SolutionProperties) = preSolution
		HideSolutionNode = FALSE
	EndGlobalSection
	GlobalSection(ExtensibilityGlobals) = postSolution
		SolutionGuid = {38BC978A-C8DA-45F8-B176-CCF3389E3EFE}
	EndGlobalSection
EndGlobal
